
Microsoft Visual Studio Solution File, Format Version 12.00
# Visual Studio 15
VisualStudioVersion = 15.0.28307.1022
MinimumVisualStudioVersion = 10.0.40219.1
Project("{FAE04EC0-301F-11D3-BF4B-00C04F79EFBC}") = "20. Serialize_NLog", "20. Serialize_NLog\20. Serialize_NLog.csproj", "{3AE63950-F3BE-47BC-8956-4AECD0D51A57}"
EndProject
Global
	GlobalSection(SolutionConfigurationPlatforms) = preSolution
		Debug|Any CPU = Debug|Any CPU
		Release|Any CPU = Release|Any CPU
	EndGlobalSection
	GlobalSection(ProjectConfigurationPlatforms) = postSolution
		{3AE63950-F3BE-47BC-8956-4AECD0D51A57}.Debug|Any CPU.ActiveCfg = Debug|Any CPU
		{3AE63950-F3BE-47BC-8956-4AECD0D51A57}.Debug|Any CPU.Build.0 = Debug|Any CPU
		{3AE63950-F3BE-47BC-8956-4AECD0D51A57}.Release|Any CPU.ActiveCfg = Release|Any CPU
		{3AE63950-F3BE-47BC-8956-4AECD0D51A57}.Release|Any CPU.Build.0 = Release|Any CPU
	EndGlobalSection
	GlobalSection(SolutionProperties) = preSolution
		HideSolutionNode = FALSE
	EndGlobalSection
	GlobalSection(ExtensibilityGlobals) = postSolution
		SolutionGuid = {E0FDE275-5CA3-4AEA-A532-D253862E028D}
	EndGlobalSection
EndGlobal
