
Microsoft Visual Studio Solution File, Format Version 12.00
# Visual Studio 15
VisualStudioVersion = 15.0.28307.1022
MinimumVisualStudioVersion = 10.0.40219.1
Project("{FAE04EC0-301F-11D3-BF4B-00C04F79EFBC}") = "16. IEnumerable GC", "16. IEnumerable GC\16. IEnumerable GC.csproj", "{AA09CF66-1755-423C-99BE-CD9FDBE17C2A}"
EndProject
Global
	GlobalSection(SolutionConfigurationPlatforms) = preSolution
		Debug|Any CPU = Debug|Any CPU
		Release|Any CPU = Release|Any CPU
	EndGlobalSection
	GlobalSection(ProjectConfigurationPlatforms) = postSolution
		{AA09CF66-1755-423C-99BE-CD9FDBE17C2A}.Debug|Any CPU.ActiveCfg = Debug|Any CPU
		{AA09CF66-1755-423C-99BE-CD9FDBE17C2A}.Debug|Any CPU.Build.0 = Debug|Any CPU
		{AA09CF66-1755-423C-99BE-CD9FDBE17C2A}.Release|Any CPU.ActiveCfg = Release|Any CPU
		{AA09CF66-1755-423C-99BE-CD9FDBE17C2A}.Release|Any CPU.Build.0 = Release|Any CPU
	EndGlobalSection
	GlobalSection(SolutionProperties) = preSolution
		HideSolutionNode = FALSE
	EndGlobalSection
	GlobalSection(ExtensibilityGlobals) = postSolution
		SolutionGuid = {ADC6A653-6312-426A-973B-CADC4A8986EF}
	EndGlobalSection
EndGlobal
