
Microsoft Visual Studio Solution File, Format Version 12.00
# Visual Studio 15
VisualStudioVersion = 15.0.28307.1022
MinimumVisualStudioVersion = 10.0.40219.1
Project("{FAE04EC0-301F-11D3-BF4B-00C04F79EFBC}") = "11. Delegates", "11. Delegates\11. Delegates.csproj", "{13CFDCA9-413A-44BB-8F3E-AF6DB3DCDFBF}"
EndProject
Global
	GlobalSection(SolutionConfigurationPlatforms) = preSolution
		Debug|Any CPU = Debug|Any CPU
		Release|Any CPU = Release|Any CPU
	EndGlobalSection
	GlobalSection(ProjectConfigurationPlatforms) = postSolution
		{13CFDCA9-413A-44BB-8F3E-AF6DB3DCDFBF}.Debug|Any CPU.ActiveCfg = Debug|Any CPU
		{13CFDCA9-413A-44BB-8F3E-AF6DB3DCDFBF}.Debug|Any CPU.Build.0 = Debug|Any CPU
		{13CFDCA9-413A-44BB-8F3E-AF6DB3DCDFBF}.Release|Any CPU.ActiveCfg = Release|Any CPU
		{13CFDCA9-413A-44BB-8F3E-AF6DB3DCDFBF}.Release|Any CPU.Build.0 = Release|Any CPU
	EndGlobalSection
	GlobalSection(SolutionProperties) = preSolution
		HideSolutionNode = FALSE
	EndGlobalSection
	GlobalSection(ExtensibilityGlobals) = postSolution
		SolutionGuid = {33127601-9B5B-4BD2-973C-5CC24E8E8EEE}
	EndGlobalSection
EndGlobal
