
Microsoft Visual Studio Solution File, Format Version 12.00
# Visual Studio 15
VisualStudioVersion = 15.0.28307.1022
MinimumVisualStudioVersion = 10.0.40219.1
Project("{FAE04EC0-301F-11D3-BF4B-00C04F79EFBC}") = "14. Indexes", "14. Indexes\14. Indexes.csproj", "{D6F156E3-29A3-491A-B267-547C9961F4D6}"
EndProject
Global
	GlobalSection(SolutionConfigurationPlatforms) = preSolution
		Debug|Any CPU = Debug|Any CPU
		Release|Any CPU = Release|Any CPU
	EndGlobalSection
	GlobalSection(ProjectConfigurationPlatforms) = postSolution
		{D6F156E3-29A3-491A-B267-547C9961F4D6}.Debug|Any CPU.ActiveCfg = Debug|Any CPU
		{D6F156E3-29A3-491A-B267-547C9961F4D6}.Debug|Any CPU.Build.0 = Debug|Any CPU
		{D6F156E3-29A3-491A-B267-547C9961F4D6}.Release|Any CPU.ActiveCfg = Release|Any CPU
		{D6F156E3-29A3-491A-B267-547C9961F4D6}.Release|Any CPU.Build.0 = Release|Any CPU
	EndGlobalSection
	GlobalSection(SolutionProperties) = preSolution
		HideSolutionNode = FALSE
	EndGlobalSection
	GlobalSection(ExtensibilityGlobals) = postSolution
		SolutionGuid = {A216D96E-5A73-4415-922B-1377860A8CD1}
	EndGlobalSection
EndGlobal
