
Microsoft Visual Studio Solution File, Format Version 12.00
# Visual Studio 15
VisualStudioVersion = 15.0.28307.1000
MinimumVisualStudioVersion = 10.0.40219.1
Project("{FAE04EC0-301F-11D3-BF4B-00C04F79EFBC}") = "06. OOP Part 2", "06. OOP Part 2\06. OOP Part 2.csproj", "{A4445D98-3672-46E9-B751-382CFCDD2E85}"
EndProject
Global
	GlobalSection(SolutionConfigurationPlatforms) = preSolution
		Debug|Any CPU = Debug|Any CPU
		Release|Any CPU = Release|Any CPU
	EndGlobalSection
	GlobalSection(ProjectConfigurationPlatforms) = postSolution
		{A4445D98-3672-46E9-B751-382CFCDD2E85}.Debug|Any CPU.ActiveCfg = Debug|Any CPU
		{A4445D98-3672-46E9-B751-382CFCDD2E85}.Debug|Any CPU.Build.0 = Debug|Any CPU
		{A4445D98-3672-46E9-B751-382CFCDD2E85}.Release|Any CPU.ActiveCfg = Release|Any CPU
		{A4445D98-3672-46E9-B751-382CFCDD2E85}.Release|Any CPU.Build.0 = Release|Any CPU
	EndGlobalSection
	GlobalSection(SolutionProperties) = preSolution
		HideSolutionNode = FALSE
	EndGlobalSection
	GlobalSection(ExtensibilityGlobals) = postSolution
		SolutionGuid = {75A32632-D6A0-4338-93A5-AFF64B5294A3}
	EndGlobalSection
EndGlobal
