
Microsoft Visual Studio Solution File, Format Version 12.00
# Visual Studio 15
VisualStudioVersion = 15.0.28307.1022
MinimumVisualStudioVersion = 10.0.40219.1
Project("{FAE04EC0-301F-11D3-BF4B-00C04F79EFBC}") = "17. FS", "17. FS\17. FS.csproj", "{8A386AB2-78A9-418C-BCEB-4C6479160F7E}"
EndProject
Global
	GlobalSection(SolutionConfigurationPlatforms) = preSolution
		Debug|Any CPU = Debug|Any CPU
		Release|Any CPU = Release|Any CPU
	EndGlobalSection
	GlobalSection(ProjectConfigurationPlatforms) = postSolution
		{8A386AB2-78A9-418C-BCEB-4C6479160F7E}.Debug|Any CPU.ActiveCfg = Debug|Any CPU
		{8A386AB2-78A9-418C-BCEB-4C6479160F7E}.Debug|Any CPU.Build.0 = Debug|Any CPU
		{8A386AB2-78A9-418C-BCEB-4C6479160F7E}.Release|Any CPU.ActiveCfg = Release|Any CPU
		{8A386AB2-78A9-418C-BCEB-4C6479160F7E}.Release|Any CPU.Build.0 = Release|Any CPU
	EndGlobalSection
	GlobalSection(SolutionProperties) = preSolution
		HideSolutionNode = FALSE
	EndGlobalSection
	GlobalSection(ExtensibilityGlobals) = postSolution
		SolutionGuid = {3D792823-83A3-4118-8023-0FD30CE72665}
	EndGlobalSection
EndGlobal
